
Microsoft Visual Studio Solution File, Format Version 12.00
# Visual Studio Version 16
VisualStudioVersion = 16.0.32602.291
MinimumVisualStudioVersion = 10.0.40219.1
Project("{FAE04EC0-301F-11D3-BF4B-00C04F79EFBC}") = "PR1 ch2", "PR1 ch2\PR1 ch2.csproj", "{66E5AFCF-262E-4B63-995B-495E51ED330F}"
EndProject
Global
	GlobalSection(SolutionConfigurationPlatforms) = preSolution
		Debug|Any CPU = Debug|Any CPU
		Release|Any CPU = Release|Any CPU
	EndGlobalSection
	GlobalSection(ProjectConfigurationPlatforms) = postSolution
		{66E5AFCF-262E-4B63-995B-495E51ED330F}.Debug|Any CPU.ActiveCfg = Debug|Any CPU
		{66E5AFCF-262E-4B63-995B-495E51ED330F}.Debug|Any CPU.Build.0 = Debug|Any CPU
		{66E5AFCF-262E-4B63-995B-495E51ED330F}.Release|Any CPU.ActiveCfg = Release|Any CPU
		{66E5AFCF-262E-4B63-995B-495E51ED330F}.Release|Any CPU.Build.0 = Release|Any CPU
	EndGlobalSection
	GlobalSection(SolutionProperties) = preSolution
		HideSolutionNode = FALSE
	EndGlobalSection
	GlobalSection(ExtensibilityGlobals) = postSolution
		SolutionGuid = {97BCEAC1-C098-417F-B15F-F9539930C69B}
	EndGlobalSection
EndGlobal
